
Microsoft Visual Studio Solution File, Format Version 12.00
# Visual Studio Version 17
VisualStudioVersion = 17.7.34024.191
MinimumVisualStudioVersion = 10.0.40219.1
Project("{FAE04EC0-301F-11D3-BF4B-00C04F79EFBC}") = "AirTECWebAPI", "AirTECWebAPI.csproj", "{59DC8FD6-AEEA-4C9D-9468-E5FBE1FC631F}"
EndProject
Global
	GlobalSection(SolutionConfigurationPlatforms) = preSolution
		Debug|Any CPU = Debug|Any CPU
		Release|Any CPU = Release|Any CPU
	EndGlobalSection
	GlobalSection(ProjectConfigurationPlatforms) = postSolution
		{59DC8FD6-AEEA-4C9D-9468-E5FBE1FC631F}.Debug|Any CPU.ActiveCfg = Debug|Any CPU
		{59DC8FD6-AEEA-4C9D-9468-E5FBE1FC631F}.Debug|Any CPU.Build.0 = Debug|Any CPU
		{59DC8FD6-AEEA-4C9D-9468-E5FBE1FC631F}.Release|Any CPU.ActiveCfg = Release|Any CPU
		{59DC8FD6-AEEA-4C9D-9468-E5FBE1FC631F}.Release|Any CPU.Build.0 = Release|Any CPU
	EndGlobalSection
	GlobalSection(SolutionProperties) = preSolution
		HideSolutionNode = FALSE
	EndGlobalSection
	GlobalSection(ExtensibilityGlobals) = postSolution
		SolutionGuid = {24AAF568-DEAB-4BF1-9385-BF12DDBD091B}
	EndGlobalSection
EndGlobal
